
Microsoft Visual Studio Solution File, Format Version 12.00
# Visual Studio Version 16
VisualStudioVersion = 16.0.30406.217
MinimumVisualStudioVersion = 10.0.40219.1
Project("{888888A0-9F3D-457C-B088-3A5042F75D52}") = "MNIST Practice", "MNIST Practice\MNIST Practice.pyproj", "{6DCE854A-AABF-40B3-9674-942A38559BD5}"
EndProject
Global
	GlobalSection(SolutionConfigurationPlatforms) = preSolution
		Debug|Any CPU = Debug|Any CPU
		Release|Any CPU = Release|Any CPU
	EndGlobalSection
	GlobalSection(ProjectConfigurationPlatforms) = postSolution
		{6DCE854A-AABF-40B3-9674-942A38559BD5}.Debug|Any CPU.ActiveCfg = Debug|Any CPU
		{6DCE854A-AABF-40B3-9674-942A38559BD5}.Release|Any CPU.ActiveCfg = Release|Any CPU
	EndGlobalSection
	GlobalSection(SolutionProperties) = preSolution
		HideSolutionNode = FALSE
	EndGlobalSection
	GlobalSection(ExtensibilityGlobals) = postSolution
		SolutionGuid = {839FCEE6-2688-44D2-B9FD-AFCA5552849C}
	EndGlobalSection
EndGlobal
