
Microsoft Visual Studio Solution File, Format Version 12.00
# Visual Studio Version 16
VisualStudioVersion = 16.0.30523.141
MinimumVisualStudioVersion = 10.0.40219.1
Project("{888888A0-9F3D-457C-B088-3A5042F75D52}") = "CNN-LSTM_Model_Tester", "LSTM_Model_Tester\CNN-LSTM_Model_Tester.pyproj", "{AEB3AEB8-0179-4888-AA58-A84F803539CF}"
EndProject
Global
	GlobalSection(SolutionConfigurationPlatforms) = preSolution
		Debug|Any CPU = Debug|Any CPU
		Release|Any CPU = Release|Any CPU
	EndGlobalSection
	GlobalSection(ProjectConfigurationPlatforms) = postSolution
		{AEB3AEB8-0179-4888-AA58-A84F803539CF}.Debug|Any CPU.ActiveCfg = Debug|Any CPU
		{AEB3AEB8-0179-4888-AA58-A84F803539CF}.Release|Any CPU.ActiveCfg = Release|Any CPU
	EndGlobalSection
	GlobalSection(SolutionProperties) = preSolution
		HideSolutionNode = FALSE
	EndGlobalSection
	GlobalSection(ExtensibilityGlobals) = postSolution
		SolutionGuid = {DE84237A-03EC-431E-BA12-BFBF76B027DA}
	EndGlobalSection
EndGlobal
